# THIS IS AN AUTOGENERATED FILE. DO NOT EDIT THIS FILE DIRECTLY.
# yarn lockfile v1


"biq@git+ssh://git@gitlab.booking.com/design/biq.git#1.0.0":
  version "1.0.0"
  resolved "git+ssh://git@gitlab.booking.com/design/biq.git#f6f1ffab331c657f9d0b08a95705a2996268790e"

left-pad@^1.1.3:
  version "1.1.3"
  resolved "https://registry.yarnpkg.com/left-pad/-/left-pad-1.1.3.tgz#612f61c033f3a9e08e939f1caebeea41b6f3199a"

preact@^8.2.5:
  version "8.2.5"
  resolved "https://registry.yarnpkg.com/preact/-/preact-8.2.5.tgz#cbfa3962a8012768159f6d01d46f9c1eb3213c0a"

underscore@^1.8.3:
  version "1.8.3"
  resolved "https://registry.yarnpkg.com/underscore/-/underscore-1.8.3.tgz#4f3fb53b106e6097fcf9cb4109f2a5e9bdfa5022"
